
Microsoft Visual Studio Solution File, Format Version 12.00
# Visual Studio Version 16
VisualStudioVersion = 16.0.31005.135
MinimumVisualStudioVersion = 10.0.40219.1
Project("{9A19103F-16F7-4668-BE54-9A1E7A4F7556}") = "TicTocToe.Domain", "src\TicTocTo.Domain\TicTocToe.Domain.csproj", "{DE832D5F-6060-4A5C-87DB-16DE24DD4834}"
EndProject
Project("{9A19103F-16F7-4668-BE54-9A1E7A4F7556}") = "TicTocToe.Test", "test\TicTocTo.Test\TicTocToe.Test.csproj", "{6106C6D3-4F68-4FE2-8905-12FAD799EB1C}"
EndProject
Project("{FAE04EC0-301F-11D3-BF4B-00C04F79EFBC}") = "TicTacToe.Share", "src\TicTacToe.Share\TicTacToe.Share.csproj", "{3169A4B9-58D0-4CA5-8A1D-03E9E7C398DE}"
EndProject
Project("{FAE04EC0-301F-11D3-BF4B-00C04F79EFBC}") = "TicTacToe.Web", "src\TicTacToe.Web\TicTacToe.Web.csproj", "{141F2CBD-A21A-4691-91DD-E82E15A6653C}"
EndProject
Global
	GlobalSection(SolutionConfigurationPlatforms) = preSolution
		Debug|Any CPU = Debug|Any CPU
		Release|Any CPU = Release|Any CPU
	EndGlobalSection
	GlobalSection(ProjectConfigurationPlatforms) = postSolution
		{DE832D5F-6060-4A5C-87DB-16DE24DD4834}.Debug|Any CPU.ActiveCfg = Debug|Any CPU
		{DE832D5F-6060-4A5C-87DB-16DE24DD4834}.Debug|Any CPU.Build.0 = Debug|Any CPU
		{DE832D5F-6060-4A5C-87DB-16DE24DD4834}.Release|Any CPU.ActiveCfg = Release|Any CPU
		{DE832D5F-6060-4A5C-87DB-16DE24DD4834}.Release|Any CPU.Build.0 = Release|Any CPU
		{6106C6D3-4F68-4FE2-8905-12FAD799EB1C}.Debug|Any CPU.ActiveCfg = Debug|Any CPU
		{6106C6D3-4F68-4FE2-8905-12FAD799EB1C}.Debug|Any CPU.Build.0 = Debug|Any CPU
		{6106C6D3-4F68-4FE2-8905-12FAD799EB1C}.Release|Any CPU.ActiveCfg = Release|Any CPU
		{6106C6D3-4F68-4FE2-8905-12FAD799EB1C}.Release|Any CPU.Build.0 = Release|Any CPU
		{3169A4B9-58D0-4CA5-8A1D-03E9E7C398DE}.Debug|Any CPU.ActiveCfg = Debug|Any CPU
		{3169A4B9-58D0-4CA5-8A1D-03E9E7C398DE}.Debug|Any CPU.Build.0 = Debug|Any CPU
		{3169A4B9-58D0-4CA5-8A1D-03E9E7C398DE}.Release|Any CPU.ActiveCfg = Release|Any CPU
		{3169A4B9-58D0-4CA5-8A1D-03E9E7C398DE}.Release|Any CPU.Build.0 = Release|Any CPU
		{141F2CBD-A21A-4691-91DD-E82E15A6653C}.Debug|Any CPU.ActiveCfg = Debug|Any CPU
		{141F2CBD-A21A-4691-91DD-E82E15A6653C}.Debug|Any CPU.Build.0 = Debug|Any CPU
		{141F2CBD-A21A-4691-91DD-E82E15A6653C}.Release|Any CPU.ActiveCfg = Release|Any CPU
		{141F2CBD-A21A-4691-91DD-E82E15A6653C}.Release|Any CPU.Build.0 = Release|Any CPU
	EndGlobalSection
	GlobalSection(SolutionProperties) = preSolution
		HideSolutionNode = FALSE
	EndGlobalSection
	GlobalSection(ExtensibilityGlobals) = postSolution
		SolutionGuid = {934FEEE5-9E18-4B27-B033-87DF6D913FB1}
	EndGlobalSection
EndGlobal
